// !$*UTF8*$!
{
	archiveVersion = 1;
	classes = {
	};
	objectVersion = 50;
	objects = {

/* Begin PBXBuildFile section */
		4773CE2923A43FC70021CF49 /* UIView+Percent.swift in Sources */ = {isa = PBXBuildFile; fileRef = 4773CE2823A43FC70021CF49 /* UIView+Percent.swift */; };
		478FC028239E815C001C9FE5 /* AppDelegate.swift in Sources */ = {isa = PBXBuildFile; fileRef = 478FC027239E815C001C9FE5 /* AppDelegate.swift */; };
		478FC02A239E815C001C9FE5 /* SceneDelegate.swift in Sources */ = {isa = PBXBuildFile; fileRef = 478FC029239E815C001C9FE5 /* SceneDelegate.swift */; };
		478FC02C239E815C001C9FE5 /* IntroViewController.swift in Sources */ = {isa = PBXBuildFile; fileRef = 478FC02B239E815C001C9FE5 /* IntroViewController.swift */; };
		478FC031239E8160001C9FE5 /* Assets.xcassets in Resources */ = {isa = PBXBuildFile; fileRef = 478FC030239E8160001C9FE5 /* Assets.xcassets */; };
		478FC034239E8160001C9FE5 /* LaunchScreen.storyboard in Resources */ = {isa = PBXBuildFile; fileRef = 478FC032239E8160001C9FE5 /* LaunchScreen.storyboard */; };
		478FC03F239E8160001C9FE5 /* testifyTests.swift in Sources */ = {isa = PBXBuildFile; fileRef = 478FC03E239E8160001C9FE5 /* testifyTests.swift */; };
		478FC04A239E8160001C9FE5 /* testifyUITests.swift in Sources */ = {isa = PBXBuildFile; fileRef = 478FC049239E8160001C9FE5 /* testifyUITests.swift */; };
		47B3FE0523A687D8007B4A1D /* IntroComponents.swift in Sources */ = {isa = PBXBuildFile; fileRef = 47B3FE0423A687D8007B4A1D /* IntroComponents.swift */; };
		47B3FE0723A687E7007B4A1D /* IntroScreen.swift in Sources */ = {isa = PBXBuildFile; fileRef = 47B3FE0623A687E7007B4A1D /* IntroScreen.swift */; };
		47B3FE0B23A691B4007B4A1D /* NSMutableAttributedString.swift in Sources */ = {isa = PBXBuildFile; fileRef = 47B3FE0A23A691B4007B4A1D /* NSMutableAttributedString.swift */; };
		47B3FE2123A69706007B4A1D /* Poppins-ExtraLight.ttf in Resources */ = {isa = PBXBuildFile; fileRef = 47B3FE0E23A69706007B4A1D /* Poppins-ExtraLight.ttf */; };
		47B3FE2223A69706007B4A1D /* Poppins-ThinItalic.ttf in Resources */ = {isa = PBXBuildFile; fileRef = 47B3FE0F23A69706007B4A1D /* Poppins-ThinItalic.ttf */; };
		47B3FE2323A69706007B4A1D /* Poppins-ExtraLightItalic.ttf in Resources */ = {isa = PBXBuildFile; fileRef = 47B3FE1023A69706007B4A1D /* Poppins-ExtraLightItalic.ttf */; };
		47B3FE2423A69706007B4A1D /* Poppins-BoldItalic.ttf in Resources */ = {isa = PBXBuildFile; fileRef = 47B3FE1123A69706007B4A1D /* Poppins-BoldItalic.ttf */; };
		47B3FE2523A69706007B4A1D /* Poppins-Light.ttf in Resources */ = {isa = PBXBuildFile; fileRef = 47B3FE1223A69706007B4A1D /* Poppins-Light.ttf */; };
		47B3FE2623A69706007B4A1D /* Poppins-Medium.ttf in Resources */ = {isa = PBXBuildFile; fileRef = 47B3FE1323A69706007B4A1D /* Poppins-Medium.ttf */; };
		47B3FE2723A69706007B4A1D /* Poppins-SemiBoldItalic.ttf in Resources */ = {isa = PBXBuildFile; fileRef = 47B3FE1423A69706007B4A1D /* Poppins-SemiBoldItalic.ttf */; };
		47B3FE2823A69706007B4A1D /* Poppins-ExtraBoldItalic.ttf in Resources */ = {isa = PBXBuildFile; fileRef = 47B3FE1523A69706007B4A1D /* Poppins-ExtraBoldItalic.ttf */; };
		47B3FE2923A69706007B4A1D /* Poppins-ExtraBold.ttf in Resources */ = {isa = PBXBuildFile; fileRef = 47B3FE1623A69706007B4A1D /* Poppins-ExtraBold.ttf */; };
		47B3FE2A23A69706007B4A1D /* Poppins-BlackItalic.ttf in Resources */ = {isa = PBXBuildFile; fileRef = 47B3FE1723A69706007B4A1D /* Poppins-BlackItalic.ttf */; };
		47B3FE2B23A69706007B4A1D /* OFL.txt in Resources */ = {isa = PBXBuildFile; fileRef = 47B3FE1823A69706007B4A1D /* OFL.txt */; };
		47B3FE2C23A69706007B4A1D /* Poppins-Regular.ttf in Resources */ = {isa = PBXBuildFile; fileRef = 47B3FE1923A69706007B4A1D /* Poppins-Regular.ttf */; };
		47B3FE2D23A69706007B4A1D /* Poppins-LightItalic.ttf in Resources */ = {isa = PBXBuildFile; fileRef = 47B3FE1A23A69706007B4A1D /* Poppins-LightItalic.ttf */; };
		47B3FE2E23A69706007B4A1D /* Poppins-Bold.ttf in Resources */ = {isa = PBXBuildFile; fileRef = 47B3FE1B23A69706007B4A1D /* Poppins-Bold.ttf */; };
		47B3FE2F23A69706007B4A1D /* Poppins-Black.ttf in Resources */ = {isa = PBXBuildFile; fileRef = 47B3FE1C23A69706007B4A1D /* Poppins-Black.ttf */; };
		47B3FE3023A69706007B4A1D /* Poppins-Thin.ttf in Resources */ = {isa = PBXBuildFile; fileRef = 47B3FE1D23A69706007B4A1D /* Poppins-Thin.ttf */; };
		47B3FE3123A69706007B4A1D /* Poppins-SemiBold.ttf in Resources */ = {isa = PBXBuildFile; fileRef = 47B3FE1E23A69706007B4A1D /* Poppins-SemiBold.ttf */; };
		47B3FE3223A69706007B4A1D /* Poppins-Italic.ttf in Resources */ = {isa = PBXBuildFile; fileRef = 47B3FE1F23A69706007B4A1D /* Poppins-Italic.ttf */; };
		47B3FE3323A69706007B4A1D /* Poppins-MediumItalic.ttf in Resources */ = {isa = PBXBuildFile; fileRef = 47B3FE2023A69706007B4A1D /* Poppins-MediumItalic.ttf */; };
		47B3FE3523A699DD007B4A1D /* UIColor+Testify.swift in Sources */ = {isa = PBXBuildFile; fileRef = 47B3FE3423A699DD007B4A1D /* UIColor+Testify.swift */; };
		47B3FE3723A6A391007B4A1D /* UIView+Elevate.swift in Sources */ = {isa = PBXBuildFile; fileRef = 47B3FE3623A6A391007B4A1D /* UIView+Elevate.swift */; };
		47E231FD23A50538009A2635 /* Constraints-Extension.swift in Sources */ = {isa = PBXBuildFile; fileRef = 47E231FC23A50538009A2635 /* Constraints-Extension.swift */; };
/* End PBXBuildFile section */

/* Begin PBXContainerItemProxy section */
		478FC03B239E8160001C9FE5 /* PBXContainerItemProxy */ = {
			isa = PBXContainerItemProxy;
			containerPortal = 478FC01C239E815C001C9FE5 /* Project object */;
			proxyType = 1;
			remoteGlobalIDString = 478FC023239E815C001C9FE5;
			remoteInfo = testify;
		};
		478FC046239E8160001C9FE5 /* PBXContainerItemProxy */ = {
			isa = PBXContainerItemProxy;
			containerPortal = 478FC01C239E815C001C9FE5 /* Project object */;
			proxyType = 1;
			remoteGlobalIDString = 478FC023239E815C001C9FE5;
			remoteInfo = testify;
		};
/* End PBXContainerItemProxy section */

/* Begin PBXFileReference section */
		4773CE2823A43FC70021CF49 /* UIView+Percent.swift */ = {isa = PBXFileReference; lastKnownFileType = sourcecode.swift; path = "UIView+Percent.swift"; sourceTree = "<group>"; };
		478FC024239E815C001C9FE5 /* testify.app */ = {isa = PBXFileReference; explicitFileType = wrapper.application; includeInIndex = 0; path = testify.app; sourceTree = BUILT_PRODUCTS_DIR; };
		478FC027239E815C001C9FE5 /* AppDelegate.swift */ = {isa = PBXFileReference; lastKnownFileType = sourcecode.swift; path = AppDelegate.swift; sourceTree = "<group>"; };
		478FC029239E815C001C9FE5 /* SceneDelegate.swift */ = {isa = PBXFileReference; lastKnownFileType = sourcecode.swift; path = SceneDelegate.swift; sourceTree = "<group>"; };
		478FC02B239E815C001C9FE5 /* IntroViewController.swift */ = {isa = PBXFileReference; lastKnownFileType = sourcecode.swift; path = IntroViewController.swift; sourceTree = "<group>"; };
		478FC030239E8160001C9FE5 /* Assets.xcassets */ = {isa = PBXFileReference; lastKnownFileType = folder.assetcatalog; path = Assets.xcassets; sourceTree = "<group>"; };
		478FC033239E8160001C9FE5 /* Base */ = {isa = PBXFileReference; lastKnownFileType = file.storyboard; name = Base; path = Base.lproj/LaunchScreen.storyboard; sourceTree = "<group>"; };
		478FC035239E8160001C9FE5 /* Info.plist */ = {isa = PBXFileReference; lastKnownFileType = text.plist.xml; path = Info.plist; sourceTree = "<group>"; };
		478FC03A239E8160001C9FE5 /* testifyTests.xctest */ = {isa = PBXFileReference; explicitFileType = wrapper.cfbundle; includeInIndex = 0; path = testifyTests.xctest; sourceTree = BUILT_PRODUCTS_DIR; };
		478FC03E239E8160001C9FE5 /* testifyTests.swift */ = {isa = PBXFileReference; lastKnownFileType = sourcecode.swift; path = testifyTests.swift; sourceTree = "<group>"; };
		478FC040239E8160001C9FE5 /* Info.plist */ = {isa = PBXFileReference; lastKnownFileType = text.plist.xml; path = Info.plist; sourceTree = "<group>"; };
		478FC045239E8160001C9FE5 /* testifyUITests.xctest */ = {isa = PBXFileReference; explicitFileType = wrapper.cfbundle; includeInIndex = 0; path = testifyUITests.xctest; sourceTree = BUILT_PRODUCTS_DIR; };
		478FC049239E8160001C9FE5 /* testifyUITests.swift */ = {isa = PBXFileReference; lastKnownFileType = sourcecode.swift; path = testifyUITests.swift; sourceTree = "<group>"; };
		478FC04B239E8160001C9FE5 /* Info.plist */ = {isa = PBXFileReference; lastKnownFileType = text.plist.xml; path = Info.plist; sourceTree = "<group>"; };
		47B3FE0423A687D8007B4A1D /* IntroComponents.swift */ = {isa = PBXFileReference; lastKnownFileType = sourcecode.swift; path = IntroComponents.swift; sourceTree = "<group>"; };
		47B3FE0623A687E7007B4A1D /* IntroScreen.swift */ = {isa = PBXFileReference; lastKnownFileType = sourcecode.swift; path = IntroScreen.swift; sourceTree = "<group>"; };
		47B3FE0823A68A1B007B4A1D /* pt-BR */ = {isa = PBXFileReference; lastKnownFileType = text.plist.strings; name = "pt-BR"; path = "pt-BR.lproj/LaunchScreen.strings"; sourceTree = "<group>"; };
		47B3FE0923A68A21007B4A1D /* es */ = {isa = PBXFileReference; lastKnownFileType = text.plist.strings; name = es; path = es.lproj/LaunchScreen.strings; sourceTree = "<group>"; };
		47B3FE0A23A691B4007B4A1D /* NSMutableAttributedString.swift */ = {isa = PBXFileReference; lastKnownFileType = sourcecode.swift; path = NSMutableAttributedString.swift; sourceTree = "<group>"; };
		47B3FE0E23A69706007B4A1D /* Poppins-ExtraLight.ttf */ = {isa = PBXFileReference; lastKnownFileType = file; path = "Poppins-ExtraLight.ttf"; sourceTree = "<group>"; };
		47B3FE0F23A69706007B4A1D /* Poppins-ThinItalic.ttf */ = {isa = PBXFileReference; lastKnownFileType = file; path = "Poppins-ThinItalic.ttf"; sourceTree = "<group>"; };
		47B3FE1023A69706007B4A1D /* Poppins-ExtraLightItalic.ttf */ = {isa = PBXFileReference; lastKnownFileType = file; path = "Poppins-ExtraLightItalic.ttf"; sourceTree = "<group>"; };
		47B3FE1123A69706007B4A1D /* Poppins-BoldItalic.ttf */ = {isa = PBXFileReference; lastKnownFileType = file; path = "Poppins-BoldItalic.ttf"; sourceTree = "<group>"; };
		47B3FE1223A69706007B4A1D /* Poppins-Light.ttf */ = {isa = PBXFileReference; lastKnownFileType = file; path = "Poppins-Light.ttf"; sourceTree = "<group>"; };
		47B3FE1323A69706007B4A1D /* Poppins-Medium.ttf */ = {isa = PBXFileReference; lastKnownFileType = file; path = "Poppins-Medium.ttf"; sourceTree = "<group>"; };
		47B3FE1423A69706007B4A1D /* Poppins-SemiBoldItalic.ttf */ = {isa = PBXFileReference; lastKnownFileType = file; path = "Poppins-SemiBoldItalic.ttf"; sourceTree = "<group>"; };
		47B3FE1523A69706007B4A1D /* Poppins-ExtraBoldItalic.ttf */ = {isa = PBXFileReference; lastKnownFileType = file; path = "Poppins-ExtraBoldItalic.ttf"; sourceTree = "<group>"; };
		47B3FE1623A69706007B4A1D /* Poppins-ExtraBold.ttf */ = {isa = PBXFileReference; lastKnownFileType = file; path = "Poppins-ExtraBold.ttf"; sourceTree = "<group>"; };
		47B3FE1723A69706007B4A1D /* Poppins-BlackItalic.ttf */ = {isa = PBXFileReference; lastKnownFileType = file; path = "Poppins-BlackItalic.ttf"; sourceTree = "<group>"; };
		47B3FE1823A69706007B4A1D /* OFL.txt */ = {isa = PBXFileReference; fileEncoding = 4; lastKnownFileType = text; path = OFL.txt; sourceTree = "<group>"; };
		47B3FE1923A69706007B4A1D /* Poppins-Regular.ttf */ = {isa = PBXFileReference; lastKnownFileType = file; path = "Poppins-Regular.ttf"; sourceTree = "<group>"; };
		47B3FE1A23A69706007B4A1D /* Poppins-LightItalic.ttf */ = {isa = PBXFileReference; lastKnownFileType = file; path = "Poppins-LightItalic.ttf"; sourceTree = "<group>"; };
		47B3FE1B23A69706007B4A1D /* Poppins-Bold.ttf */ = {isa = PBXFileReference; lastKnownFileType = file; path = "Poppins-Bold.ttf"; sourceTree = "<group>"; };
		47B3FE1C23A69706007B4A1D /* Poppins-Black.ttf */ = {isa = PBXFileReference; lastKnownFileType = file; path = "Poppins-Black.ttf"; sourceTree = "<group>"; };
		47B3FE1D23A69706007B4A1D /* Poppins-Thin.ttf */ = {isa = PBXFileReference; lastKnownFileType = file; path = "Poppins-Thin.ttf"; sourceTree = "<group>"; };
		47B3FE1E23A69706007B4A1D /* Poppins-SemiBold.ttf */ = {isa = PBXFileReference; lastKnownFileType = file; path = "Poppins-SemiBold.ttf"; sourceTree = "<group>"; };
		47B3FE1F23A69706007B4A1D /* Poppins-Italic.ttf */ = {isa = PBXFileReference; lastKnownFileType = file; path = "Poppins-Italic.ttf"; sourceTree = "<group>"; };
		47B3FE2023A69706007B4A1D /* Poppins-MediumItalic.ttf */ = {isa = PBXFileReference; lastKnownFileType = file; path = "Poppins-MediumItalic.ttf"; sourceTree = "<group>"; };
		47B3FE3423A699DD007B4A1D /* UIColor+Testify.swift */ = {isa = PBXFileReference; lastKnownFileType = sourcecode.swift; path = "UIColor+Testify.swift"; sourceTree = "<group>"; };
		47B3FE3623A6A391007B4A1D /* UIView+Elevate.swift */ = {isa = PBXFileReference; lastKnownFileType = sourcecode.swift; path = "UIView+Elevate.swift"; sourceTree = "<group>"; };
		47E231FC23A50538009A2635 /* Constraints-Extension.swift */ = {isa = PBXFileReference; lastKnownFileType = sourcecode.swift; path = "Constraints-Extension.swift"; sourceTree = "<group>"; };
/* End PBXFileReference section */

/* Begin PBXFrameworksBuildPhase section */
		478FC021239E815C001C9FE5 /* Frameworks */ = {
			isa = PBXFrameworksBuildPhase;
			buildActionMask = 2147483647;
			files = (
			);
			runOnlyForDeploymentPostprocessing = 0;
		};
		478FC037239E8160001C9FE5 /* Frameworks */ = {
			isa = PBXFrameworksBuildPhase;
			buildActionMask = 2147483647;
			files = (
			);
			runOnlyForDeploymentPostprocessing = 0;
		};
		478FC042239E8160001C9FE5 /* Frameworks */ = {
			isa = PBXFrameworksBuildPhase;
			buildActionMask = 2147483647;
			files = (
			);
			runOnlyForDeploymentPostprocessing = 0;
		};
/* End PBXFrameworksBuildPhase section */

/* Begin PBXGroup section */
		478FC01B239E815C001C9FE5 = {
			isa = PBXGroup;
			children = (
				478FC026239E815C001C9FE5 /* testify */,
				478FC03D239E8160001C9FE5 /* testifyTests */,
				478FC048239E8160001C9FE5 /* testifyUITests */,
				478FC025239E815C001C9FE5 /* Products */,
			);
			sourceTree = "<group>";
		};
		478FC025239E815C001C9FE5 /* Products */ = {
			isa = PBXGroup;
			children = (
				478FC024239E815C001C9FE5 /* testify.app */,
				478FC03A239E8160001C9FE5 /* testifyTests.xctest */,
				478FC045239E8160001C9FE5 /* testifyUITests.xctest */,
			);
			name = Products;
			sourceTree = "<group>";
		};
		478FC026239E815C001C9FE5 /* testify */ = {
			isa = PBXGroup;
			children = (
				47B3FE0C23A696FB007B4A1D /* Font */,
				478FC05A239E81BA001C9FE5 /* ClassCustom */,
				478FC059239E81A7001C9FE5 /* Extension */,
				478FC058239E818E001C9FE5 /* View */,
				478FC057239E8174001C9FE5 /* Delegate */,
				478FC030239E8160001C9FE5 /* Assets.xcassets */,
				478FC032239E8160001C9FE5 /* LaunchScreen.storyboard */,
				478FC035239E8160001C9FE5 /* Info.plist */,
			);
			path = testify;
			sourceTree = "<group>";
		};
		478FC03D239E8160001C9FE5 /* testifyTests */ = {
			isa = PBXGroup;
			children = (
				478FC03E239E8160001C9FE5 /* testifyTests.swift */,
				478FC040239E8160001C9FE5 /* Info.plist */,
			);
			path = testifyTests;
			sourceTree = "<group>";
		};
		478FC048239E8160001C9FE5 /* testifyUITests */ = {
			isa = PBXGroup;
			children = (
				478FC049239E8160001C9FE5 /* testifyUITests.swift */,
				478FC04B239E8160001C9FE5 /* Info.plist */,
			);
			path = testifyUITests;
			sourceTree = "<group>";
		};
		478FC057239E8174001C9FE5 /* Delegate */ = {
			isa = PBXGroup;
			children = (
				478FC029239E815C001C9FE5 /* SceneDelegate.swift */,
				478FC027239E815C001C9FE5 /* AppDelegate.swift */,
			);
			path = Delegate;
			sourceTree = "<group>";
		};
		478FC058239E818E001C9FE5 /* View */ = {
			isa = PBXGroup;
			children = (
				47B3FE0223A687BD007B4A1D /* Intro */,
			);
			path = View;
			sourceTree = "<group>";
		};
		478FC059239E81A7001C9FE5 /* Extension */ = {
			isa = PBXGroup;
			children = (
				4773CE2823A43FC70021CF49 /* UIView+Percent.swift */,
				47E231FC23A50538009A2635 /* Constraints-Extension.swift */,
				47B3FE0A23A691B4007B4A1D /* NSMutableAttributedString.swift */,
				47B3FE3423A699DD007B4A1D /* UIColor+Testify.swift */,
				47B3FE3623A6A391007B4A1D /* UIView+Elevate.swift */,
			);
			path = Extension;
			sourceTree = "<group>";
		};
		478FC05A239E81BA001C9FE5 /* ClassCustom */ = {
			isa = PBXGroup;
			children = (
			);
			path = ClassCustom;
			sourceTree = "<group>";
		};
		47B3FE0223A687BD007B4A1D /* Intro */ = {
			isa = PBXGroup;
			children = (
				478FC02B239E815C001C9FE5 /* IntroViewController.swift */,
				47B3FE0323A687C5007B4A1D /* screen */,
			);
			path = Intro;
			sourceTree = "<group>";
		};
		47B3FE0323A687C5007B4A1D /* screen */ = {
			isa = PBXGroup;
			children = (
				47B3FE0423A687D8007B4A1D /* IntroComponents.swift */,
				47B3FE0623A687E7007B4A1D /* IntroScreen.swift */,
			);
			path = screen;
			sourceTree = "<group>";
		};
		47B3FE0C23A696FB007B4A1D /* Font */ = {
			isa = PBXGroup;
			children = (
				47B3FE0D23A69706007B4A1D /* Poppins */,
			);
			path = Font;
			sourceTree = "<group>";
		};
		47B3FE0D23A69706007B4A1D /* Poppins */ = {
			isa = PBXGroup;
			children = (
				47B3FE0E23A69706007B4A1D /* Poppins-ExtraLight.ttf */,
				47B3FE0F23A69706007B4A1D /* Poppins-ThinItalic.ttf */,
				47B3FE1023A69706007B4A1D /* Poppins-ExtraLightItalic.ttf */,
				47B3FE1123A69706007B4A1D /* Poppins-BoldItalic.ttf */,
				47B3FE1223A69706007B4A1D /* Poppins-Light.ttf */,
				47B3FE1323A69706007B4A1D /* Poppins-Medium.ttf */,
				47B3FE1423A69706007B4A1D /* Poppins-SemiBoldItalic.ttf */,
				47B3FE1523A69706007B4A1D /* Poppins-ExtraBoldItalic.ttf */,
				47B3FE1623A69706007B4A1D /* Poppins-ExtraBold.ttf */,
				47B3FE1723A69706007B4A1D /* Poppins-BlackItalic.ttf */,
				47B3FE1823A69706007B4A1D /* OFL.txt */,
				47B3FE1923A69706007B4A1D /* Poppins-Regular.ttf */,
				47B3FE1A23A69706007B4A1D /* Poppins-LightItalic.ttf */,
				47B3FE1B23A69706007B4A1D /* Poppins-Bold.ttf */,
				47B3FE1C23A69706007B4A1D /* Poppins-Black.ttf */,
				47B3FE1D23A69706007B4A1D /* Poppins-Thin.ttf */,
				47B3FE1E23A69706007B4A1D /* Poppins-SemiBold.ttf */,
				47B3FE1F23A69706007B4A1D /* Poppins-Italic.ttf */,
				47B3FE2023A69706007B4A1D /* Poppins-MediumItalic.ttf */,
			);
			path = Poppins;
			sourceTree = "<group>";
		};
/* End PBXGroup section */

/* Begin PBXNativeTarget section */
		478FC023239E815C001C9FE5 /* testify */ = {
			isa = PBXNativeTarget;
			buildConfigurationList = 478FC04E239E8160001C9FE5 /* Build configuration list for PBXNativeTarget "testify" */;
			buildPhases = (
				478FC020239E815C001C9FE5 /* Sources */,
				478FC021239E815C001C9FE5 /* Frameworks */,
				478FC022239E815C001C9FE5 /* Resources */,
			);
			buildRules = (
			);
			dependencies = (
			);
			name = testify;
			productName = testify;
			productReference = 478FC024239E815C001C9FE5 /* testify.app */;
			productType = "com.apple.product-type.application";
		};
		478FC039239E8160001C9FE5 /* testifyTests */ = {
			isa = PBXNativeTarget;
			buildConfigurationList = 478FC051239E8160001C9FE5 /* Build configuration list for PBXNativeTarget "testifyTests" */;
			buildPhases = (
				478FC036239E8160001C9FE5 /* Sources */,
				478FC037239E8160001C9FE5 /* Frameworks */,
				478FC038239E8160001C9FE5 /* Resources */,
			);
			buildRules = (
			);
			dependencies = (
				478FC03C239E8160001C9FE5 /* PBXTargetDependency */,
			);
			name = testifyTests;
			productName = testifyTests;
			productReference = 478FC03A239E8160001C9FE5 /* testifyTests.xctest */;
			productType = "com.apple.product-type.bundle.unit-test";
		};
		478FC044239E8160001C9FE5 /* testifyUITests */ = {
			isa = PBXNativeTarget;
			buildConfigurationList = 478FC054239E8160001C9FE5 /* Build configuration list for PBXNativeTarget "testifyUITests" */;
			buildPhases = (
				478FC041239E8160001C9FE5 /* Sources */,
				478FC042239E8160001C9FE5 /* Frameworks */,
				478FC043239E8160001C9FE5 /* Resources */,
			);
			buildRules = (
			);
			dependencies = (
				478FC047239E8160001C9FE5 /* PBXTargetDependency */,
			);
			name = testifyUITests;
			productName = testifyUITests;
			productReference = 478FC045239E8160001C9FE5 /* testifyUITests.xctest */;
			productType = "com.apple.product-type.bundle.ui-testing";
		};
/* End PBXNativeTarget section */

/* Begin PBXProject section */
		478FC01C239E815C001C9FE5 /* Project object */ = {
			isa = PBXProject;
			attributes = {
				LastSwiftUpdateCheck = 1120;
				LastUpgradeCheck = 1120;
				ORGANIZATIONNAME = "Beatriz Teles Castro";
				TargetAttributes = {
					478FC023239E815C001C9FE5 = {
						CreatedOnToolsVersion = 11.2.1;
					};
					478FC039239E8160001C9FE5 = {
						CreatedOnToolsVersion = 11.2.1;
						TestTargetID = 478FC023239E815C001C9FE5;
					};
					478FC044239E8160001C9FE5 = {
						CreatedOnToolsVersion = 11.2.1;
						TestTargetID = 478FC023239E815C001C9FE5;
					};
				};
			};
			buildConfigurationList = 478FC01F239E815C001C9FE5 /* Build configuration list for PBXProject "testify" */;
			compatibilityVersion = "Xcode 9.3";
			developmentRegion = en;
			hasScannedForEncodings = 0;
			knownRegions = (
				en,
				Base,
				"pt-BR",
				es,
			);
			mainGroup = 478FC01B239E815C001C9FE5;
			productRefGroup = 478FC025239E815C001C9FE5 /* Products */;
			projectDirPath = "";
			projectRoot = "";
			targets = (
				478FC023239E815C001C9FE5 /* testify */,
				478FC039239E8160001C9FE5 /* testifyTests */,
				478FC044239E8160001C9FE5 /* testifyUITests */,
			);
		};
/* End PBXProject section */

/* Begin PBXResourcesBuildPhase section */
		478FC022239E815C001C9FE5 /* Resources */ = {
			isa = PBXResourcesBuildPhase;
			buildActionMask = 2147483647;
			files = (
				47B3FE2523A69706007B4A1D /* Poppins-Light.ttf in Resources */,
				47B3FE2F23A69706007B4A1D /* Poppins-Black.ttf in Resources */,
				47B3FE2D23A69706007B4A1D /* Poppins-LightItalic.ttf in Resources */,
				47B3FE3023A69706007B4A1D /* Poppins-Thin.ttf in Resources */,
				47B3FE2123A69706007B4A1D /* Poppins-ExtraLight.ttf in Resources */,
				47B3FE3123A69706007B4A1D /* Poppins-SemiBold.ttf in Resources */,
				47B3FE2E23A69706007B4A1D /* Poppins-Bold.ttf in Resources */,
				47B3FE2223A69706007B4A1D /* Poppins-ThinItalic.ttf in Resources */,
				47B3FE2323A69706007B4A1D /* Poppins-ExtraLightItalic.ttf in Resources */,
				47B3FE2A23A69706007B4A1D /* Poppins-BlackItalic.ttf in Resources */,
				47B3FE2823A69706007B4A1D /* Poppins-ExtraBoldItalic.ttf in Resources */,
				47B3FE2423A69706007B4A1D /* Poppins-BoldItalic.ttf in Resources */,
				47B3FE2723A69706007B4A1D /* Poppins-SemiBoldItalic.ttf in Resources */,
				47B3FE2B23A69706007B4A1D /* OFL.txt in Resources */,
				47B3FE2C23A69706007B4A1D /* Poppins-Regular.ttf in Resources */,
				47B3FE2923A69706007B4A1D /* Poppins-ExtraBold.ttf in Resources */,
				47B3FE2623A69706007B4A1D /* Poppins-Medium.ttf in Resources */,
				478FC034239E8160001C9FE5 /* LaunchScreen.storyboard in Resources */,
				47B3FE3223A69706007B4A1D /* Poppins-Italic.ttf in Resources */,
				47B3FE3323A69706007B4A1D /* Poppins-MediumItalic.ttf in Resources */,
				478FC031239E8160001C9FE5 /* Assets.xcassets in Resources */,
			);
			runOnlyForDeploymentPostprocessing = 0;
		};
		478FC038239E8160001C9FE5 /* Resources */ = {
			isa = PBXResourcesBuildPhase;
			buildActionMask = 2147483647;
			files = (
			);
			runOnlyForDeploymentPostprocessing = 0;
		};
		478FC043239E8160001C9FE5 /* Resources */ = {
			isa = PBXResourcesBuildPhase;
			buildActionMask = 2147483647;
			files = (
			);
			runOnlyForDeploymentPostprocessing = 0;
		};
/* End PBXResourcesBuildPhase section */

/* Begin PBXSourcesBuildPhase section */
		478FC020239E815C001C9FE5 /* Sources */ = {
			isa = PBXSourcesBuildPhase;
			buildActionMask = 2147483647;
			files = (
				4773CE2923A43FC70021CF49 /* UIView+Percent.swift in Sources */,
				47B3FE3723A6A391007B4A1D /* UIView+Elevate.swift in Sources */,
				47B3FE3523A699DD007B4A1D /* UIColor+Testify.swift in Sources */,
				478FC02C239E815C001C9FE5 /* IntroViewController.swift in Sources */,
				47B3FE0723A687E7007B4A1D /* IntroScreen.swift in Sources */,
				47E231FD23A50538009A2635 /* Constraints-Extension.swift in Sources */,
				47B3FE0B23A691B4007B4A1D /* NSMutableAttributedString.swift in Sources */,
				478FC028239E815C001C9FE5 /* AppDelegate.swift in Sources */,
				47B3FE0523A687D8007B4A1D /* IntroComponents.swift in Sources */,
				478FC02A239E815C001C9FE5 /* SceneDelegate.swift in Sources */,
			);
			runOnlyForDeploymentPostprocessing = 0;
		};
		478FC036239E8160001C9FE5 /* Sources */ = {
			isa = PBXSourcesBuildPhase;
			buildActionMask = 2147483647;
			files = (
				478FC03F239E8160001C9FE5 /* testifyTests.swift in Sources */,
			);
			runOnlyForDeploymentPostprocessing = 0;
		};
		478FC041239E8160001C9FE5 /* Sources */ = {
			isa = PBXSourcesBuildPhase;
			buildActionMask = 2147483647;
			files = (
				478FC04A239E8160001C9FE5 /* testifyUITests.swift in Sources */,
			);
			runOnlyForDeploymentPostprocessing = 0;
		};
/* End PBXSourcesBuildPhase section */

/* Begin PBXTargetDependency section */
		478FC03C239E8160001C9FE5 /* PBXTargetDependency */ = {
			isa = PBXTargetDependency;
			target = 478FC023239E815C001C9FE5 /* testify */;
			targetProxy = 478FC03B239E8160001C9FE5 /* PBXContainerItemProxy */;
		};
		478FC047239E8160001C9FE5 /* PBXTargetDependency */ = {
			isa = PBXTargetDependency;
			target = 478FC023239E815C001C9FE5 /* testify */;
			targetProxy = 478FC046239E8160001C9FE5 /* PBXContainerItemProxy */;
		};
/* End PBXTargetDependency section */

/* Begin PBXVariantGroup section */
		478FC032239E8160001C9FE5 /* LaunchScreen.storyboard */ = {
			isa = PBXVariantGroup;
			children = (
				478FC033239E8160001C9FE5 /* Base */,
				47B3FE0823A68A1B007B4A1D /* pt-BR */,
				47B3FE0923A68A21007B4A1D /* es */,
			);
			name = LaunchScreen.storyboard;
			sourceTree = "<group>";
		};
/* End PBXVariantGroup section */

/* Begin XCBuildConfiguration section */
		478FC04C239E8160001C9FE5 /* Debug */ = {
			isa = XCBuildConfiguration;
			buildSettings = {
				ALWAYS_SEARCH_USER_PATHS = NO;
				CLANG_ANALYZER_LOCALIZABILITY_NONLOCALIZED = YES;
				CLANG_ANALYZER_NONNULL = YES;
				CLANG_ANALYZER_NUMBER_OBJECT_CONVERSION = YES_AGGRESSIVE;
				CLANG_CXX_LANGUAGE_STANDARD = "gnu++14";
				CLANG_CXX_LIBRARY = "libc++";
				CLANG_ENABLE_MODULES = YES;
				CLANG_ENABLE_OBJC_ARC = YES;
				CLANG_ENABLE_OBJC_WEAK = YES;
				CLANG_WARN_BLOCK_CAPTURE_AUTORELEASING = YES;
				CLANG_WARN_BOOL_CONVERSION = YES;
				CLANG_WARN_COMMA = YES;
				CLANG_WARN_CONSTANT_CONVERSION = YES;
				CLANG_WARN_DEPRECATED_OBJC_IMPLEMENTATIONS = YES;
				CLANG_WARN_DIRECT_OBJC_ISA_USAGE = YES_ERROR;
				CLANG_WARN_DOCUMENTATION_COMMENTS = YES;
				CLANG_WARN_EMPTY_BODY = YES;
				CLANG_WARN_ENUM_CONVERSION = YES;
				CLANG_WARN_INFINITE_RECURSION = YES;
				CLANG_WARN_INT_CONVERSION = YES;
				CLANG_WARN_NON_LITERAL_NULL_CONVERSION = YES;
				CLANG_WARN_OBJC_IMPLICIT_RETAIN_SELF = YES;
				CLANG_WARN_OBJC_LITERAL_CONVERSION = YES;
				CLANG_WARN_OBJC_ROOT_CLASS = YES_ERROR;
				CLANG_WARN_RANGE_LOOP_ANALYSIS = YES;
				CLANG_WARN_STRICT_PROTOTYPES = YES;
				CLANG_WARN_SUSPICIOUS_MOVE = YES;
				CLANG_WARN_UNGUARDED_AVAILABILITY = YES_AGGRESSIVE;
				CLANG_WARN_UNREACHABLE_CODE = YES;
				CLANG_WARN__DUPLICATE_METHOD_MATCH = YES;
				COPY_PHASE_STRIP = NO;
				DEBUG_INFORMATION_FORMAT = dwarf;
				ENABLE_STRICT_OBJC_MSGSEND = YES;
				ENABLE_TESTABILITY = YES;
				GCC_C_LANGUAGE_STANDARD = gnu11;
				GCC_DYNAMIC_NO_PIC = NO;
				GCC_NO_COMMON_BLOCKS = YES;
				GCC_OPTIMIZATION_LEVEL = 0;
				GCC_PREPROCESSOR_DEFINITIONS = (
					"DEBUG=1",
					"$(inherited)",
				);
				GCC_WARN_64_TO_32_BIT_CONVERSION = YES;
				GCC_WARN_ABOUT_RETURN_TYPE = YES_ERROR;
				GCC_WARN_UNDECLARED_SELECTOR = YES;
				GCC_WARN_UNINITIALIZED_AUTOS = YES_AGGRESSIVE;
				GCC_WARN_UNUSED_FUNCTION = YES;
				GCC_WARN_UNUSED_VARIABLE = YES;
				IPHONEOS_DEPLOYMENT_TARGET = 13.0;
				MTL_ENABLE_DEBUG_INFO = INCLUDE_SOURCE;
				MTL_FAST_MATH = YES;
				ONLY_ACTIVE_ARCH = YES;
				SDKROOT = iphoneos;
				SWIFT_ACTIVE_COMPILATION_CONDITIONS = DEBUG;
				SWIFT_OPTIMIZATION_LEVEL = "-Onone";
			};
			name = Debug;
		};
		478FC04D239E8160001C9FE5 /* Release */ = {
			isa = XCBuildConfiguration;
			buildSettings = {
				ALWAYS_SEARCH_USER_PATHS = NO;
				CLANG_ANALYZER_LOCALIZABILITY_NONLOCALIZED = YES;
				CLANG_ANALYZER_NONNULL = YES;
				CLANG_ANALYZER_NUMBER_OBJECT_CONVERSION = YES_AGGRESSIVE;
				CLANG_CXX_LANGUAGE_STANDARD = "gnu++14";
				CLANG_CXX_LIBRARY = "libc++";
				CLANG_ENABLE_MODULES = YES;
				CLANG_ENABLE_OBJC_ARC = YES;
				CLANG_ENABLE_OBJC_WEAK = YES;
				CLANG_WARN_BLOCK_CAPTURE_AUTORELEASING = YES;
				CLANG_WARN_BOOL_CONVERSION = YES;
				CLANG_WARN_COMMA = YES;
				CLANG_WARN_CONSTANT_CONVERSION = YES;
				CLANG_WARN_DEPRECATED_OBJC_IMPLEMENTATIONS = YES;
				CLANG_WARN_DIRECT_OBJC_ISA_USAGE = YES_ERROR;
				CLANG_WARN_DOCUMENTATION_COMMENTS = YES;
				CLANG_WARN_EMPTY_BODY = YES;
				CLANG_WARN_ENUM_CONVERSION = YES;
				CLANG_WARN_INFINITE_RECURSION = YES;
				CLANG_WARN_INT_CONVERSION = YES;
				CLANG_WARN_NON_LITERAL_NULL_CONVERSION = YES;
				CLANG_WARN_OBJC_IMPLICIT_RETAIN_SELF = YES;
				CLANG_WARN_OBJC_LITERAL_CONVERSION = YES;
				CLANG_WARN_OBJC_ROOT_CLASS = YES_ERROR;
				CLANG_WARN_RANGE_LOOP_ANALYSIS = YES;
				CLANG_WARN_STRICT_PROTOTYPES = YES;
				CLANG_WARN_SUSPICIOUS_MOVE = YES;
				CLANG_WARN_UNGUARDED_AVAILABILITY = YES_AGGRESSIVE;
				CLANG_WARN_UNREACHABLE_CODE = YES;
				CLANG_WARN__DUPLICATE_METHOD_MATCH = YES;
				COPY_PHASE_STRIP = NO;
				DEBUG_INFORMATION_FORMAT = "dwarf-with-dsym";
				ENABLE_NS_ASSERTIONS = NO;
				ENABLE_STRICT_OBJC_MSGSEND = YES;
				GCC_C_LANGUAGE_STANDARD = gnu11;
				GCC_NO_COMMON_BLOCKS = YES;
				GCC_WARN_64_TO_32_BIT_CONVERSION = YES;
				GCC_WARN_ABOUT_RETURN_TYPE = YES_ERROR;
				GCC_WARN_UNDECLARED_SELECTOR = YES;
				GCC_WARN_UNINITIALIZED_AUTOS = YES_AGGRESSIVE;
				GCC_WARN_UNUSED_FUNCTION = YES;
				GCC_WARN_UNUSED_VARIABLE = YES;
				IPHONEOS_DEPLOYMENT_TARGET = 13.0;
				MTL_ENABLE_DEBUG_INFO = NO;
				MTL_FAST_MATH = YES;
				SDKROOT = iphoneos;
				SWIFT_COMPILATION_MODE = wholemodule;
				SWIFT_OPTIMIZATION_LEVEL = "-O";
				VALIDATE_PRODUCT = YES;
			};
			name = Release;
		};
		478FC04F239E8160001C9FE5 /* Debug */ = {
			isa = XCBuildConfiguration;
			buildSettings = {
				ASSETCATALOG_COMPILER_APPICON_NAME = AppIcon;
				CODE_SIGN_STYLE = Automatic;
				DEVELOPMENT_TEAM = GNQGNPCW85;
				INFOPLIST_FILE = testify/Info.plist;
				LD_RUNPATH_SEARCH_PATHS = (
					"$(inherited)",
					"@executable_path/Frameworks",
				);
				PRODUCT_BUNDLE_IDENTIFIER = beatriztelescastro.testify;
				PRODUCT_NAME = "$(TARGET_NAME)";
				SWIFT_VERSION = 5.0;
				TARGETED_DEVICE_FAMILY = 1;
			};
			name = Debug;
		};
		478FC050239E8160001C9FE5 /* Release */ = {
			isa = XCBuildConfiguration;
			buildSettings = {
				ASSETCATALOG_COMPILER_APPICON_NAME = AppIcon;
				CODE_SIGN_STYLE = Automatic;
				DEVELOPMENT_TEAM = GNQGNPCW85;
				INFOPLIST_FILE = testify/Info.plist;
				LD_RUNPATH_SEARCH_PATHS = (
					"$(inherited)",
					"@executable_path/Frameworks",
				);
				PRODUCT_BUNDLE_IDENTIFIER = beatriztelescastro.testify;
				PRODUCT_NAME = "$(TARGET_NAME)";
				SWIFT_VERSION = 5.0;
				TARGETED_DEVICE_FAMILY = 1;
			};
			name = Release;
		};
		478FC052239E8160001C9FE5 /* Debug */ = {
			isa = XCBuildConfiguration;
			buildSettings = {
				ALWAYS_EMBED_SWIFT_STANDARD_LIBRARIES = YES;
				BUNDLE_LOADER = "$(TEST_HOST)";
				CODE_SIGN_STYLE = Automatic;
				DEVELOPMENT_TEAM = GNQGNPCW85;
				INFOPLIST_FILE = testifyTests/Info.plist;
				IPHONEOS_DEPLOYMENT_TARGET = 13.2;
				LD_RUNPATH_SEARCH_PATHS = (
					"$(inherited)",
					"@executable_path/Frameworks",
					"@loader_path/Frameworks",
				);
				PRODUCT_BUNDLE_IDENTIFIER = beatriztelescastro.testifyTests;
				PRODUCT_NAME = "$(TARGET_NAME)";
				SWIFT_VERSION = 5.0;
				TARGETED_DEVICE_FAMILY = "1,2";
				TEST_HOST = "$(BUILT_PRODUCTS_DIR)/testify.app/testify";
			};
			name = Debug;
		};
		478FC053239E8160001C9FE5 /* Release */ = {
			isa = XCBuildConfiguration;
			buildSettings = {
				ALWAYS_EMBED_SWIFT_STANDARD_LIBRARIES = YES;
				BUNDLE_LOADER = "$(TEST_HOST)";
				CODE_SIGN_STYLE = Automatic;
				DEVELOPMENT_TEAM = GNQGNPCW85;
				INFOPLIST_FILE = testifyTests/Info.plist;
				IPHONEOS_DEPLOYMENT_TARGET = 13.2;
				LD_RUNPATH_SEARCH_PATHS = (
					"$(inherited)",
					"@executable_path/Frameworks",
					"@loader_path/Frameworks",
				);
				PRODUCT_BUNDLE_IDENTIFIER = beatriztelescastro.testifyTests;
				PRODUCT_NAME = "$(TARGET_NAME)";
				SWIFT_VERSION = 5.0;
				TARGETED_DEVICE_FAMILY = "1,2";
				TEST_HOST = "$(BUILT_PRODUCTS_DIR)/testify.app/testify";
			};
			name = Release;
		};
		478FC055239E8160001C9FE5 /* Debug */ = {
			isa = XCBuildConfiguration;
			buildSettings = {
				ALWAYS_EMBED_SWIFT_STANDARD_LIBRARIES = YES;
				CODE_SIGN_STYLE = Automatic;
				DEVELOPMENT_TEAM = GNQGNPCW85;
				INFOPLIST_FILE = testifyUITests/Info.plist;
				LD_RUNPATH_SEARCH_PATHS = (
					"$(inherited)",
					"@executable_path/Frameworks",
					"@loader_path/Frameworks",
				);
				PRODUCT_BUNDLE_IDENTIFIER = beatriztelescastro.testifyUITests;
				PRODUCT_NAME = "$(TARGET_NAME)";
				SWIFT_VERSION = 5.0;
				TARGETED_DEVICE_FAMILY = "1,2";
				TEST_TARGET_NAME = testify;
			};
			name = Debug;
		};
		478FC056239E8160001C9FE5 /* Release */ = {
			isa = XCBuildConfiguration;
			buildSettings = {
				ALWAYS_EMBED_SWIFT_STANDARD_LIBRARIES = YES;
				CODE_SIGN_STYLE = Automatic;
				DEVELOPMENT_TEAM = GNQGNPCW85;
				INFOPLIST_FILE = testifyUITests/Info.plist;
				LD_RUNPATH_SEARCH_PATHS = (
					"$(inherited)",
					"@executable_path/Frameworks",
					"@loader_path/Frameworks",
				);
				PRODUCT_BUNDLE_IDENTIFIER = beatriztelescastro.testifyUITests;
				PRODUCT_NAME = "$(TARGET_NAME)";
				SWIFT_VERSION = 5.0;
				TARGETED_DEVICE_FAMILY = "1,2";
				TEST_TARGET_NAME = testify;
			};
			name = Release;
		};
/* End XCBuildConfiguration section */

/* Begin XCConfigurationList section */
		478FC01F239E815C001C9FE5 /* Build configuration list for PBXProject "testify" */ = {
			isa = XCConfigurationList;
			buildConfigurations = (
				478FC04C239E8160001C9FE5 /* Debug */,
				478FC04D239E8160001C9FE5 /* Release */,
			);
			defaultConfigurationIsVisible = 0;
			defaultConfigurationName = Release;
		};
		478FC04E239E8160001C9FE5 /* Build configuration list for PBXNativeTarget "testify" */ = {
			isa = XCConfigurationList;
			buildConfigurations = (
				478FC04F239E8160001C9FE5 /* Debug */,
				478FC050239E8160001C9FE5 /* Release */,
			);
			defaultConfigurationIsVisible = 0;
			defaultConfigurationName = Release;
		};
		478FC051239E8160001C9FE5 /* Build configuration list for PBXNativeTarget "testifyTests" */ = {
			isa = XCConfigurationList;
			buildConfigurations = (
				478FC052239E8160001C9FE5 /* Debug */,
				478FC053239E8160001C9FE5 /* Release */,
			);
			defaultConfigurationIsVisible = 0;
			defaultConfigurationName = Release;
		};
		478FC054239E8160001C9FE5 /* Build configuration list for PBXNativeTarget "testifyUITests" */ = {
			isa = XCConfigurationList;
			buildConfigurations = (
				478FC055239E8160001C9FE5 /* Debug */,
				478FC056239E8160001C9FE5 /* Release */,
			);
			defaultConfigurationIsVisible = 0;
			defaultConfigurationName = Release;
		};
/* End XCConfigurationList section */
	};
	rootObject = 478FC01C239E815C001C9FE5 /* Project object */;
}
